
Microsoft Visual Studio Solution File, Format Version 12.00
# Visual Studio 15
VisualStudioVersion = 15.0.27703.1
MinimumVisualStudioVersion = 10.0.40219.1
Project("{FAE04EC0-301F-11D3-BF4B-00C04F79EFBC}") = "Lanit3", "Lanit3\Lanit3.csproj", "{D16AF74F-D876-4E8E-9385-0076461184D8}"
EndProject
Project("{FAE04EC0-301F-11D3-BF4B-00C04F79EFBC}") = "Lanit3.Tests", "Lanit3.Tests\Lanit3.Tests.csproj", "{B5D1289B-75C5-4F4F-AFA9-2C6FCF2C6E6B}"
EndProject
Global
	GlobalSection(SolutionConfigurationPlatforms) = preSolution
		Debug|Any CPU = Debug|Any CPU
		Release|Any CPU = Release|Any CPU
	EndGlobalSection
	GlobalSection(ProjectConfigurationPlatforms) = postSolution
		{D16AF74F-D876-4E8E-9385-0076461184D8}.Debug|Any CPU.ActiveCfg = Debug|Any CPU
		{D16AF74F-D876-4E8E-9385-0076461184D8}.Debug|Any CPU.Build.0 = Debug|Any CPU
		{D16AF74F-D876-4E8E-9385-0076461184D8}.Release|Any CPU.ActiveCfg = Release|Any CPU
		{D16AF74F-D876-4E8E-9385-0076461184D8}.Release|Any CPU.Build.0 = Release|Any CPU
		{B5D1289B-75C5-4F4F-AFA9-2C6FCF2C6E6B}.Debug|Any CPU.ActiveCfg = Debug|Any CPU
		{B5D1289B-75C5-4F4F-AFA9-2C6FCF2C6E6B}.Debug|Any CPU.Build.0 = Debug|Any CPU
		{B5D1289B-75C5-4F4F-AFA9-2C6FCF2C6E6B}.Release|Any CPU.ActiveCfg = Release|Any CPU
		{B5D1289B-75C5-4F4F-AFA9-2C6FCF2C6E6B}.Release|Any CPU.Build.0 = Release|Any CPU
	EndGlobalSection
	GlobalSection(SolutionProperties) = preSolution
		HideSolutionNode = FALSE
	EndGlobalSection
	GlobalSection(ExtensibilityGlobals) = postSolution
		SolutionGuid = {8042D941-9141-4E67-B6F0-B91F0D5CF0FD}
	EndGlobalSection
EndGlobal
